// !$*UTF8*$!
{
	archiveVersion = 1;
	classes = {
	};
	objectVersion = 46;
	objects = {

/* Begin PBXBuildFile section */
		E530A21015D1AF6800B8A095 /* Foundation.framework in Frameworks */ = {isa = PBXBuildFile; fileRef = E530A20F15D1AF6800B8A095 /* Foundation.framework */; };
		E530A21F15D1AF6800B8A095 /* SenTestingKit.framework in Frameworks */ = {isa = PBXBuildFile; fileRef = E530A21E15D1AF6800B8A095 /* SenTestingKit.framework */; };
		E530A22115D1AF6800B8A095 /* UIKit.framework in Frameworks */ = {isa = PBXBuildFile; fileRef = E530A22015D1AF6800B8A095 /* UIKit.framework */; };
		E530A22215D1AF6800B8A095 /* Foundation.framework in Frameworks */ = {isa = PBXBuildFile; fileRef = E530A20F15D1AF6800B8A095 /* Foundation.framework */; };
		E530A22515D1AF6800B8A095 /* libios_2_hw.a in Frameworks */ = {isa = PBXBuildFile; fileRef = E530A20C15D1AF6800B8A095 /* libios_2_hw.a */; };
		E530A22B15D1AF6800B8A095 /* InfoPlist.strings in Resources */ = {isa = PBXBuildFile; fileRef = E530A22915D1AF6800B8A095 /* InfoPlist.strings */; };
		E530A23915D1AFBC00B8A095 /* NSArray+ToLog.m in Sources */ = {isa = PBXBuildFile; fileRef = E530A23815D1AFBC00B8A095 /* NSArray+ToLog.m */; };
		E530A23A15D1B45000B8A095 /* NSArray+ToLog.m in Sources */ = {isa = PBXBuildFile; fileRef = E530A23815D1AFBC00B8A095 /* NSArray+ToLog.m */; };
		E530A23D15D1B6DC00B8A095 /* NSArray+ToLogTest.m in Sources */ = {isa = PBXBuildFile; fileRef = E530A23C15D1B6DC00B8A095 /* NSArray+ToLogTest.m */; };
/* End PBXBuildFile section */

/* Begin PBXContainerItemProxy section */
		E530A22315D1AF6800B8A095 /* PBXContainerItemProxy */ = {
			isa = PBXContainerItemProxy;
			containerPortal = E530A20315D1AF6800B8A095 /* Project object */;
			proxyType = 1;
			remoteGlobalIDString = E530A20B15D1AF6800B8A095;
			remoteInfo = ios_2_hw;
		};
/* End PBXContainerItemProxy section */

/* Begin PBXCopyFilesBuildPhase section */
		E530A20A15D1AF6800B8A095 /* CopyFiles */ = {
			isa = PBXCopyFilesBuildPhase;
			buildActionMask = 2147483647;
			dstPath = "include/${PRODUCT_NAME}";
			dstSubfolderSpec = 16;
			files = (
			);
			runOnlyForDeploymentPostprocessing = 0;
		};
/* End PBXCopyFilesBuildPhase section */

/* Begin PBXFileReference section */
		E530A20C15D1AF6800B8A095 /* libios_2_hw.a */ = {isa = PBXFileReference; explicitFileType = archive.ar; includeInIndex = 0; path = libios_2_hw.a; sourceTree = BUILT_PRODUCTS_DIR; };
		E530A20F15D1AF6800B8A095 /* Foundation.framework */ = {isa = PBXFileReference; lastKnownFileType = wrapper.framework; name = Foundation.framework; path = System/Library/Frameworks/Foundation.framework; sourceTree = SDKROOT; };
		E530A21315D1AF6800B8A095 /* ios_2_hw-Prefix.pch */ = {isa = PBXFileReference; lastKnownFileType = sourcecode.c.h; path = "ios_2_hw-Prefix.pch"; sourceTree = "<group>"; };
		E530A21D15D1AF6800B8A095 /* ios_2_hwTests.octest */ = {isa = PBXFileReference; explicitFileType = wrapper.cfbundle; includeInIndex = 0; path = ios_2_hwTests.octest; sourceTree = BUILT_PRODUCTS_DIR; };
		E530A21E15D1AF6800B8A095 /* SenTestingKit.framework */ = {isa = PBXFileReference; lastKnownFileType = wrapper.framework; name = SenTestingKit.framework; path = Library/Frameworks/SenTestingKit.framework; sourceTree = DEVELOPER_DIR; };
		E530A22015D1AF6800B8A095 /* UIKit.framework */ = {isa = PBXFileReference; lastKnownFileType = wrapper.framework; name = UIKit.framework; path = Library/Frameworks/UIKit.framework; sourceTree = DEVELOPER_DIR; };
		E530A22815D1AF6800B8A095 /* ios_2_hwTests-Info.plist */ = {isa = PBXFileReference; lastKnownFileType = text.plist.xml; path = "ios_2_hwTests-Info.plist"; sourceTree = "<group>"; };
		E530A22A15D1AF6800B8A095 /* en */ = {isa = PBXFileReference; lastKnownFileType = text.plist.strings; name = en; path = en.lproj/InfoPlist.strings; sourceTree = "<group>"; };
		E530A23715D1AFBC00B8A095 /* NSArray+ToLog.h */ = {isa = PBXFileReference; fileEncoding = 4; lastKnownFileType = sourcecode.c.h; path = "NSArray+ToLog.h"; sourceTree = "<group>"; };
		E530A23815D1AFBC00B8A095 /* NSArray+ToLog.m */ = {isa = PBXFileReference; fileEncoding = 4; lastKnownFileType = sourcecode.c.objc; path = "NSArray+ToLog.m"; sourceTree = "<group>"; };
		E530A23B15D1B6DC00B8A095 /* NSArray+ToLogTest.h */ = {isa = PBXFileReference; fileEncoding = 4; lastKnownFileType = sourcecode.c.h; path = "NSArray+ToLogTest.h"; sourceTree = "<group>"; };
		E530A23C15D1B6DC00B8A095 /* NSArray+ToLogTest.m */ = {isa = PBXFileReference; fileEncoding = 4; lastKnownFileType = sourcecode.c.objc; path = "NSArray+ToLogTest.m"; sourceTree = "<group>"; };
/* End PBXFileReference section */

/* Begin PBXFrameworksBuildPhase section */
		E530A20915D1AF6800B8A095 /* Frameworks */ = {
			isa = PBXFrameworksBuildPhase;
			buildActionMask = 2147483647;
			files = (
				E530A21015D1AF6800B8A095 /* Foundation.framework in Frameworks */,
			);
			runOnlyForDeploymentPostprocessing = 0;
		};
		E530A21915D1AF6800B8A095 /* Frameworks */ = {
			isa = PBXFrameworksBuildPhase;
			buildActionMask = 2147483647;
			files = (
				E530A21F15D1AF6800B8A095 /* SenTestingKit.framework in Frameworks */,
				E530A22115D1AF6800B8A095 /* UIKit.framework in Frameworks */,
				E530A22215D1AF6800B8A095 /* Foundation.framework in Frameworks */,
				E530A22515D1AF6800B8A095 /* libios_2_hw.a in Frameworks */,
			);
			runOnlyForDeploymentPostprocessing = 0;
		};
/* End PBXFrameworksBuildPhase section */

/* Begin PBXGroup section */
		E530A20115D1AF6800B8A095 = {
			isa = PBXGroup;
			children = (
				E530A21115D1AF6800B8A095 /* ios_2_hw */,
				E530A22615D1AF6800B8A095 /* ios_2_hwTests */,
				E530A20E15D1AF6800B8A095 /* Frameworks */,
				E530A20D15D1AF6800B8A095 /* Products */,
			);
			sourceTree = "<group>";
		};
		E530A20D15D1AF6800B8A095 /* Products */ = {
			isa = PBXGroup;
			children = (
				E530A20C15D1AF6800B8A095 /* libios_2_hw.a */,
				E530A21D15D1AF6800B8A095 /* ios_2_hwTests.octest */,
			);
			name = Products;
			sourceTree = "<group>";
		};
		E530A20E15D1AF6800B8A095 /* Frameworks */ = {
			isa = PBXGroup;
			children = (
				E530A20F15D1AF6800B8A095 /* Foundation.framework */,
				E530A21E15D1AF6800B8A095 /* SenTestingKit.framework */,
				E530A22015D1AF6800B8A095 /* UIKit.framework */,
			);
			name = Frameworks;
			sourceTree = "<group>";
		};
		E530A21115D1AF6800B8A095 /* ios_2_hw */ = {
			isa = PBXGroup;
			children = (
				E530A21215D1AF6800B8A095 /* Supporting Files */,
				E530A23715D1AFBC00B8A095 /* NSArray+ToLog.h */,
				E530A23815D1AFBC00B8A095 /* NSArray+ToLog.m */,
			);
			path = ios_2_hw;
			sourceTree = "<group>";
		};
		E530A21215D1AF6800B8A095 /* Supporting Files */ = {
			isa = PBXGroup;
			children = (
				E530A21315D1AF6800B8A095 /* ios_2_hw-Prefix.pch */,
			);
			name = "Supporting Files";
			sourceTree = "<group>";
		};
		E530A22615D1AF6800B8A095 /* ios_2_hwTests */ = {
			isa = PBXGroup;
			children = (
				E530A22715D1AF6800B8A095 /* Supporting Files */,
				E530A23B15D1B6DC00B8A095 /* NSArray+ToLogTest.h */,
				E530A23C15D1B6DC00B8A095 /* NSArray+ToLogTest.m */,
			);
			path = ios_2_hwTests;
			sourceTree = "<group>";
		};
		E530A22715D1AF6800B8A095 /* Supporting Files */ = {
			isa = PBXGroup;
			children = (
				E530A22815D1AF6800B8A095 /* ios_2_hwTests-Info.plist */,
				E530A22915D1AF6800B8A095 /* InfoPlist.strings */,
			);
			name = "Supporting Files";
			sourceTree = "<group>";
		};
/* End PBXGroup section */

/* Begin PBXNativeTarget section */
		E530A20B15D1AF6800B8A095 /* ios_2_hw */ = {
			isa = PBXNativeTarget;
			buildConfigurationList = E530A23115D1AF6800B8A095 /* Build configuration list for PBXNativeTarget "ios_2_hw" */;
			buildPhases = (
				E530A20815D1AF6800B8A095 /* Sources */,
				E530A20915D1AF6800B8A095 /* Frameworks */,
				E530A20A15D1AF6800B8A095 /* CopyFiles */,
			);
			buildRules = (
			);
			dependencies = (
			);
			name = ios_2_hw;
			productName = ios_2_hw;
			productReference = E530A20C15D1AF6800B8A095 /* libios_2_hw.a */;
			productType = "com.apple.product-type.library.static";
		};
		E530A21C15D1AF6800B8A095 /* ios_2_hwTests */ = {
			isa = PBXNativeTarget;
			buildConfigurationList = E530A23415D1AF6800B8A095 /* Build configuration list for PBXNativeTarget "ios_2_hwTests" */;
			buildPhases = (
				E530A21815D1AF6800B8A095 /* Sources */,
				E530A21915D1AF6800B8A095 /* Frameworks */,
				E530A21A15D1AF6800B8A095 /* Resources */,
				E530A21B15D1AF6800B8A095 /* ShellScript */,
			);
			buildRules = (
			);
			dependencies = (
				E530A22415D1AF6800B8A095 /* PBXTargetDependency */,
			);
			name = ios_2_hwTests;
			productName = ios_2_hwTests;
			productReference = E530A21D15D1AF6800B8A095 /* ios_2_hwTests.octest */;
			productType = "com.apple.product-type.bundle";
		};
/* End PBXNativeTarget section */

/* Begin PBXProject section */
		E530A20315D1AF6800B8A095 /* Project object */ = {
			isa = PBXProject;
			attributes = {
				LastUpgradeCheck = 0440;
				ORGANIZATIONNAME = ilya;
			};
			buildConfigurationList = E530A20615D1AF6800B8A095 /* Build configuration list for PBXProject "ios_2_hw" */;
			compatibilityVersion = "Xcode 3.2";
			developmentRegion = English;
			hasScannedForEncodings = 0;
			knownRegions = (
				en,
			);
			mainGroup = E530A20115D1AF6800B8A095;
			productRefGroup = E530A20D15D1AF6800B8A095 /* Products */;
			projectDirPath = "";
			projectRoot = "";
			targets = (
				E530A20B15D1AF6800B8A095 /* ios_2_hw */,
				E530A21C15D1AF6800B8A095 /* ios_2_hwTests */,
			);
		};
/* End PBXProject section */

/* Begin PBXResourcesBuildPhase section */
		E530A21A15D1AF6800B8A095 /* Resources */ = {
			isa = PBXResourcesBuildPhase;
			buildActionMask = 2147483647;
			files = (
				E530A22B15D1AF6800B8A095 /* InfoPlist.strings in Resources */,
			);
			runOnlyForDeploymentPostprocessing = 0;
		};
/* End PBXResourcesBuildPhase section */

/* Begin PBXShellScriptBuildPhase section */
		E530A21B15D1AF6800B8A095 /* ShellScript */ = {
			isa = PBXShellScriptBuildPhase;
			buildActionMask = 2147483647;
			files = (
			);
			inputPaths = (
			);
			outputPaths = (
			);
			runOnlyForDeploymentPostprocessing = 0;
			shellPath = /bin/sh;
			shellScript = "# Run the unit tests in this test bundle.\n\"${SYSTEM_DEVELOPER_DIR}/Tools/RunUnitTests\"\n";
		};
/* End PBXShellScriptBuildPhase section */

/* Begin PBXSourcesBuildPhase section */
		E530A20815D1AF6800B8A095 /* Sources */ = {
			isa = PBXSourcesBuildPhase;
			buildActionMask = 2147483647;
			files = (
				E530A23915D1AFBC00B8A095 /* NSArray+ToLog.m in Sources */,
			);
			runOnlyForDeploymentPostprocessing = 0;
		};
		E530A21815D1AF6800B8A095 /* Sources */ = {
			isa = PBXSourcesBuildPhase;
			buildActionMask = 2147483647;
			files = (
				E530A23A15D1B45000B8A095 /* NSArray+ToLog.m in Sources */,
				E530A23D15D1B6DC00B8A095 /* NSArray+ToLogTest.m in Sources */,
			);
			runOnlyForDeploymentPostprocessing = 0;
		};
/* End PBXSourcesBuildPhase section */

/* Begin PBXTargetDependency section */
		E530A22415D1AF6800B8A095 /* PBXTargetDependency */ = {
			isa = PBXTargetDependency;
			target = E530A20B15D1AF6800B8A095 /* ios_2_hw */;
			targetProxy = E530A22315D1AF6800B8A095 /* PBXContainerItemProxy */;
		};
/* End PBXTargetDependency section */

/* Begin PBXVariantGroup section */
		E530A22915D1AF6800B8A095 /* InfoPlist.strings */ = {
			isa = PBXVariantGroup;
			children = (
				E530A22A15D1AF6800B8A095 /* en */,
			);
			name = InfoPlist.strings;
			sourceTree = "<group>";
		};
/* End PBXVariantGroup section */

/* Begin XCBuildConfiguration section */
		E530A22F15D1AF6800B8A095 /* Debug */ = {
			isa = XCBuildConfiguration;
			buildSettings = {
				ALWAYS_SEARCH_USER_PATHS = NO;
				ARCHS = "$(ARCHS_STANDARD_32_BIT)";
				CLANG_CXX_LANGUAGE_STANDARD = "gnu++0x";
				CLANG_ENABLE_OBJC_ARC = YES;
				CLANG_WARN__DUPLICATE_METHOD_MATCH = YES;
				COPY_PHASE_STRIP = NO;
				GCC_C_LANGUAGE_STANDARD = gnu99;
				GCC_DYNAMIC_NO_PIC = NO;
				GCC_OPTIMIZATION_LEVEL = 0;
				GCC_PREPROCESSOR_DEFINITIONS = (
					"DEBUG=1",
					"$(inherited)",
				);
				GCC_SYMBOLS_PRIVATE_EXTERN = NO;
				GCC_VERSION = com.apple.compilers.llvm.clang.1_0;
				GCC_WARN_ABOUT_RETURN_TYPE = YES;
				GCC_WARN_UNINITIALIZED_AUTOS = YES;
				GCC_WARN_UNUSED_VARIABLE = YES;
				IPHONEOS_DEPLOYMENT_TARGET = 5.1;
				SDKROOT = iphoneos;
			};
			name = Debug;
		};
		E530A23015D1AF6800B8A095 /* Release */ = {
			isa = XCBuildConfiguration;
			buildSettings = {
				ALWAYS_SEARCH_USER_PATHS = NO;
				ARCHS = "$(ARCHS_STANDARD_32_BIT)";
				CLANG_CXX_LANGUAGE_STANDARD = "gnu++0x";
				CLANG_ENABLE_OBJC_ARC = YES;
				CLANG_WARN__DUPLICATE_METHOD_MATCH = YES;
				COPY_PHASE_STRIP = YES;
				GCC_C_LANGUAGE_STANDARD = gnu99;
				GCC_VERSION = com.apple.compilers.llvm.clang.1_0;
				GCC_WARN_ABOUT_RETURN_TYPE = YES;
				GCC_WARN_UNINITIALIZED_AUTOS = YES;
				GCC_WARN_UNUSED_VARIABLE = YES;
				IPHONEOS_DEPLOYMENT_TARGET = 5.1;
				SDKROOT = iphoneos;
				VALIDATE_PRODUCT = YES;
			};
			name = Release;
		};
		E530A23215D1AF6800B8A095 /* Debug */ = {
			isa = XCBuildConfiguration;
			buildSettings = {
				DSTROOT = /tmp/ios_2_hw.dst;
				GCC_PRECOMPILE_PREFIX_HEADER = YES;
				GCC_PREFIX_HEADER = "ios_2_hw/ios_2_hw-Prefix.pch";
				OTHER_LDFLAGS = "-ObjC";
				PRODUCT_NAME = "$(TARGET_NAME)";
				SKIP_INSTALL = YES;
			};
			name = Debug;
		};
		E530A23315D1AF6800B8A095 /* Release */ = {
			isa = XCBuildConfiguration;
			buildSettings = {
				DSTROOT = /tmp/ios_2_hw.dst;
				GCC_PRECOMPILE_PREFIX_HEADER = YES;
				GCC_PREFIX_HEADER = "ios_2_hw/ios_2_hw-Prefix.pch";
				OTHER_LDFLAGS = "-ObjC";
				PRODUCT_NAME = "$(TARGET_NAME)";
				SKIP_INSTALL = YES;
			};
			name = Release;
		};
		E530A23515D1AF6800B8A095 /* Debug */ = {
			isa = XCBuildConfiguration;
			buildSettings = {
				FRAMEWORK_SEARCH_PATHS = (
					"\"$(SDKROOT)/Developer/Library/Frameworks\"",
					"\"$(DEVELOPER_LIBRARY_DIR)/Frameworks\"",
				);
				GCC_PRECOMPILE_PREFIX_HEADER = YES;
				GCC_PREFIX_HEADER = "ios_2_hw/ios_2_hw-Prefix.pch";
				INFOPLIST_FILE = "ios_2_hwTests/ios_2_hwTests-Info.plist";
				OTHER_LDFLAGS = "-all_load";
				PRODUCT_NAME = "$(TARGET_NAME)";
				WRAPPER_EXTENSION = octest;
			};
			name = Debug;
		};
		E530A23615D1AF6800B8A095 /* Release */ = {
			isa = XCBuildConfiguration;
			buildSettings = {
				FRAMEWORK_SEARCH_PATHS = (
					"\"$(SDKROOT)/Developer/Library/Frameworks\"",
					"\"$(DEVELOPER_LIBRARY_DIR)/Frameworks\"",
				);
				GCC_PRECOMPILE_PREFIX_HEADER = YES;
				GCC_PREFIX_HEADER = "ios_2_hw/ios_2_hw-Prefix.pch";
				INFOPLIST_FILE = "ios_2_hwTests/ios_2_hwTests-Info.plist";
				OTHER_LDFLAGS = "-all_load";
				PRODUCT_NAME = "$(TARGET_NAME)";
				WRAPPER_EXTENSION = octest;
			};
			name = Release;
		};
/* End XCBuildConfiguration section */

/* Begin XCConfigurationList section */
		E530A20615D1AF6800B8A095 /* Build configuration list for PBXProject "ios_2_hw" */ = {
			isa = XCConfigurationList;
			buildConfigurations = (
				E530A22F15D1AF6800B8A095 /* Debug */,
				E530A23015D1AF6800B8A095 /* Release */,
			);
			defaultConfigurationIsVisible = 0;
			defaultConfigurationName = Release;
		};
		E530A23115D1AF6800B8A095 /* Build configuration list for PBXNativeTarget "ios_2_hw" */ = {
			isa = XCConfigurationList;
			buildConfigurations = (
				E530A23215D1AF6800B8A095 /* Debug */,
				E530A23315D1AF6800B8A095 /* Release */,
			);
			defaultConfigurationIsVisible = 0;
		};
		E530A23415D1AF6800B8A095 /* Build configuration list for PBXNativeTarget "ios_2_hwTests" */ = {
			isa = XCConfigurationList;
			buildConfigurations = (
				E530A23515D1AF6800B8A095 /* Debug */,
				E530A23615D1AF6800B8A095 /* Release */,
			);
			defaultConfigurationIsVisible = 0;
		};
/* End XCConfigurationList section */
	};
	rootObject = E530A20315D1AF6800B8A095 /* Project object */;
}
