// !$*UTF8*$!
{
	archiveVersion = 1;
	classes = {
	};
	objectVersion = 46;
	objects = {

/* Begin PBXBuildFile section */
		E56C316415D2BCAB00ED61B0 /* UIKit.framework in Frameworks */ = {isa = PBXBuildFile; fileRef = E56C316315D2BCAB00ED61B0 /* UIKit.framework */; };
		E56C316615D2BCAB00ED61B0 /* Foundation.framework in Frameworks */ = {isa = PBXBuildFile; fileRef = E56C316515D2BCAB00ED61B0 /* Foundation.framework */; };
		E56C316815D2BCAB00ED61B0 /* CoreGraphics.framework in Frameworks */ = {isa = PBXBuildFile; fileRef = E56C316715D2BCAB00ED61B0 /* CoreGraphics.framework */; };
		E56C316E15D2BCAB00ED61B0 /* InfoPlist.strings in Resources */ = {isa = PBXBuildFile; fileRef = E56C316C15D2BCAB00ED61B0 /* InfoPlist.strings */; };
		E56C317015D2BCAB00ED61B0 /* main.m in Sources */ = {isa = PBXBuildFile; fileRef = E56C316F15D2BCAB00ED61B0 /* main.m */; };
		E56C317415D2BCAB00ED61B0 /* AppDelegate.m in Sources */ = {isa = PBXBuildFile; fileRef = E56C317315D2BCAB00ED61B0 /* AppDelegate.m */; };
		E56C317715D2BCAB00ED61B0 /* ViewController.m in Sources */ = {isa = PBXBuildFile; fileRef = E56C317615D2BCAB00ED61B0 /* ViewController.m */; };
		E56C317A15D2BCAB00ED61B0 /* ViewController.xib in Resources */ = {isa = PBXBuildFile; fileRef = E56C317815D2BCAB00ED61B0 /* ViewController.xib */; };
/* End PBXBuildFile section */

/* Begin PBXFileReference section */
		E56C315F15D2BCAB00ED61B0 /* io_3.app */ = {isa = PBXFileReference; explicitFileType = wrapper.application; includeInIndex = 0; path = io_3.app; sourceTree = BUILT_PRODUCTS_DIR; };
		E56C316315D2BCAB00ED61B0 /* UIKit.framework */ = {isa = PBXFileReference; lastKnownFileType = wrapper.framework; name = UIKit.framework; path = System/Library/Frameworks/UIKit.framework; sourceTree = SDKROOT; };
		E56C316515D2BCAB00ED61B0 /* Foundation.framework */ = {isa = PBXFileReference; lastKnownFileType = wrapper.framework; name = Foundation.framework; path = System/Library/Frameworks/Foundation.framework; sourceTree = SDKROOT; };
		E56C316715D2BCAB00ED61B0 /* CoreGraphics.framework */ = {isa = PBXFileReference; lastKnownFileType = wrapper.framework; name = CoreGraphics.framework; path = System/Library/Frameworks/CoreGraphics.framework; sourceTree = SDKROOT; };
		E56C316B15D2BCAB00ED61B0 /* io_3-Info.plist */ = {isa = PBXFileReference; lastKnownFileType = text.plist.xml; path = "io_3-Info.plist"; sourceTree = "<group>"; };
		E56C316D15D2BCAB00ED61B0 /* en */ = {isa = PBXFileReference; lastKnownFileType = text.plist.strings; name = en; path = en.lproj/InfoPlist.strings; sourceTree = "<group>"; };
		E56C316F15D2BCAB00ED61B0 /* main.m */ = {isa = PBXFileReference; lastKnownFileType = sourcecode.c.objc; path = main.m; sourceTree = "<group>"; };
		E56C317115D2BCAB00ED61B0 /* io_3-Prefix.pch */ = {isa = PBXFileReference; lastKnownFileType = sourcecode.c.h; path = "io_3-Prefix.pch"; sourceTree = "<group>"; };
		E56C317215D2BCAB00ED61B0 /* AppDelegate.h */ = {isa = PBXFileReference; lastKnownFileType = sourcecode.c.h; path = AppDelegate.h; sourceTree = "<group>"; };
		E56C317315D2BCAB00ED61B0 /* AppDelegate.m */ = {isa = PBXFileReference; lastKnownFileType = sourcecode.c.objc; path = AppDelegate.m; sourceTree = "<group>"; };
		E56C317515D2BCAB00ED61B0 /* ViewController.h */ = {isa = PBXFileReference; lastKnownFileType = sourcecode.c.h; path = ViewController.h; sourceTree = "<group>"; };
		E56C317615D2BCAB00ED61B0 /* ViewController.m */ = {isa = PBXFileReference; lastKnownFileType = sourcecode.c.objc; path = ViewController.m; sourceTree = "<group>"; };
		E56C317915D2BCAB00ED61B0 /* en */ = {isa = PBXFileReference; lastKnownFileType = file.xib; name = en; path = en.lproj/ViewController.xib; sourceTree = "<group>"; };
/* End PBXFileReference section */

/* Begin PBXFrameworksBuildPhase section */
		E56C315C15D2BCAB00ED61B0 /* Frameworks */ = {
			isa = PBXFrameworksBuildPhase;
			buildActionMask = 2147483647;
			files = (
				E56C316415D2BCAB00ED61B0 /* UIKit.framework in Frameworks */,
				E56C316615D2BCAB00ED61B0 /* Foundation.framework in Frameworks */,
				E56C316815D2BCAB00ED61B0 /* CoreGraphics.framework in Frameworks */,
			);
			runOnlyForDeploymentPostprocessing = 0;
		};
/* End PBXFrameworksBuildPhase section */

/* Begin PBXGroup section */
		E56C315415D2BCAB00ED61B0 = {
			isa = PBXGroup;
			children = (
				E56C316915D2BCAB00ED61B0 /* io_3 */,
				E56C316215D2BCAB00ED61B0 /* Frameworks */,
				E56C316015D2BCAB00ED61B0 /* Products */,
			);
			sourceTree = "<group>";
		};
		E56C316015D2BCAB00ED61B0 /* Products */ = {
			isa = PBXGroup;
			children = (
				E56C315F15D2BCAB00ED61B0 /* io_3.app */,
			);
			name = Products;
			sourceTree = "<group>";
		};
		E56C316215D2BCAB00ED61B0 /* Frameworks */ = {
			isa = PBXGroup;
			children = (
				E56C316315D2BCAB00ED61B0 /* UIKit.framework */,
				E56C316515D2BCAB00ED61B0 /* Foundation.framework */,
				E56C316715D2BCAB00ED61B0 /* CoreGraphics.framework */,
			);
			name = Frameworks;
			sourceTree = "<group>";
		};
		E56C316915D2BCAB00ED61B0 /* io_3 */ = {
			isa = PBXGroup;
			children = (
				E56C317215D2BCAB00ED61B0 /* AppDelegate.h */,
				E56C317315D2BCAB00ED61B0 /* AppDelegate.m */,
				E56C317515D2BCAB00ED61B0 /* ViewController.h */,
				E56C317615D2BCAB00ED61B0 /* ViewController.m */,
				E56C317815D2BCAB00ED61B0 /* ViewController.xib */,
				E56C316A15D2BCAB00ED61B0 /* Supporting Files */,
			);
			path = io_3;
			sourceTree = "<group>";
		};
		E56C316A15D2BCAB00ED61B0 /* Supporting Files */ = {
			isa = PBXGroup;
			children = (
				E56C316B15D2BCAB00ED61B0 /* io_3-Info.plist */,
				E56C316C15D2BCAB00ED61B0 /* InfoPlist.strings */,
				E56C316F15D2BCAB00ED61B0 /* main.m */,
				E56C317115D2BCAB00ED61B0 /* io_3-Prefix.pch */,
			);
			name = "Supporting Files";
			sourceTree = "<group>";
		};
/* End PBXGroup section */

/* Begin PBXNativeTarget section */
		E56C315E15D2BCAB00ED61B0 /* io_3 */ = {
			isa = PBXNativeTarget;
			buildConfigurationList = E56C317D15D2BCAB00ED61B0 /* Build configuration list for PBXNativeTarget "io_3" */;
			buildPhases = (
				E56C315B15D2BCAB00ED61B0 /* Sources */,
				E56C315C15D2BCAB00ED61B0 /* Frameworks */,
				E56C315D15D2BCAB00ED61B0 /* Resources */,
			);
			buildRules = (
			);
			dependencies = (
			);
			name = io_3;
			productName = io_3;
			productReference = E56C315F15D2BCAB00ED61B0 /* io_3.app */;
			productType = "com.apple.product-type.application";
		};
/* End PBXNativeTarget section */

/* Begin PBXProject section */
		E56C315615D2BCAB00ED61B0 /* Project object */ = {
			isa = PBXProject;
			attributes = {
				LastUpgradeCheck = 0440;
				ORGANIZATIONNAME = ilya;
			};
			buildConfigurationList = E56C315915D2BCAB00ED61B0 /* Build configuration list for PBXProject "io_3" */;
			compatibilityVersion = "Xcode 3.2";
			developmentRegion = English;
			hasScannedForEncodings = 0;
			knownRegions = (
				en,
			);
			mainGroup = E56C315415D2BCAB00ED61B0;
			productRefGroup = E56C316015D2BCAB00ED61B0 /* Products */;
			projectDirPath = "";
			projectRoot = "";
			targets = (
				E56C315E15D2BCAB00ED61B0 /* io_3 */,
			);
		};
/* End PBXProject section */

/* Begin PBXResourcesBuildPhase section */
		E56C315D15D2BCAB00ED61B0 /* Resources */ = {
			isa = PBXResourcesBuildPhase;
			buildActionMask = 2147483647;
			files = (
				E56C316E15D2BCAB00ED61B0 /* InfoPlist.strings in Resources */,
				E56C317A15D2BCAB00ED61B0 /* ViewController.xib in Resources */,
			);
			runOnlyForDeploymentPostprocessing = 0;
		};
/* End PBXResourcesBuildPhase section */

/* Begin PBXSourcesBuildPhase section */
		E56C315B15D2BCAB00ED61B0 /* Sources */ = {
			isa = PBXSourcesBuildPhase;
			buildActionMask = 2147483647;
			files = (
				E56C317015D2BCAB00ED61B0 /* main.m in Sources */,
				E56C317415D2BCAB00ED61B0 /* AppDelegate.m in Sources */,
				E56C317715D2BCAB00ED61B0 /* ViewController.m in Sources */,
			);
			runOnlyForDeploymentPostprocessing = 0;
		};
/* End PBXSourcesBuildPhase section */

/* Begin PBXVariantGroup section */
		E56C316C15D2BCAB00ED61B0 /* InfoPlist.strings */ = {
			isa = PBXVariantGroup;
			children = (
				E56C316D15D2BCAB00ED61B0 /* en */,
			);
			name = InfoPlist.strings;
			sourceTree = "<group>";
		};
		E56C317815D2BCAB00ED61B0 /* ViewController.xib */ = {
			isa = PBXVariantGroup;
			children = (
				E56C317915D2BCAB00ED61B0 /* en */,
			);
			name = ViewController.xib;
			sourceTree = "<group>";
		};
/* End PBXVariantGroup section */

/* Begin XCBuildConfiguration section */
		E56C317B15D2BCAB00ED61B0 /* Debug */ = {
			isa = XCBuildConfiguration;
			buildSettings = {
				ALWAYS_SEARCH_USER_PATHS = NO;
				ARCHS = "$(ARCHS_STANDARD_32_BIT)";
				CLANG_CXX_LANGUAGE_STANDARD = "gnu++0x";
				CLANG_ENABLE_OBJC_ARC = YES;
				CLANG_WARN__DUPLICATE_METHOD_MATCH = YES;
				"CODE_SIGN_IDENTITY[sdk=iphoneos*]" = "iPhone Developer";
				COPY_PHASE_STRIP = NO;
				GCC_C_LANGUAGE_STANDARD = gnu99;
				GCC_DYNAMIC_NO_PIC = NO;
				GCC_OPTIMIZATION_LEVEL = 0;
				GCC_PREPROCESSOR_DEFINITIONS = (
					"DEBUG=1",
					"$(inherited)",
				);
				GCC_SYMBOLS_PRIVATE_EXTERN = NO;
				GCC_VERSION = com.apple.compilers.llvm.clang.1_0;
				GCC_WARN_ABOUT_RETURN_TYPE = YES;
				GCC_WARN_UNINITIALIZED_AUTOS = YES;
				GCC_WARN_UNUSED_VARIABLE = YES;
				IPHONEOS_DEPLOYMENT_TARGET = 5.1;
				SDKROOT = iphoneos;
			};
			name = Debug;
		};
		E56C317C15D2BCAB00ED61B0 /* Release */ = {
			isa = XCBuildConfiguration;
			buildSettings = {
				ALWAYS_SEARCH_USER_PATHS = NO;
				ARCHS = "$(ARCHS_STANDARD_32_BIT)";
				CLANG_CXX_LANGUAGE_STANDARD = "gnu++0x";
				CLANG_ENABLE_OBJC_ARC = YES;
				CLANG_WARN__DUPLICATE_METHOD_MATCH = YES;
				"CODE_SIGN_IDENTITY[sdk=iphoneos*]" = "iPhone Developer";
				COPY_PHASE_STRIP = YES;
				GCC_C_LANGUAGE_STANDARD = gnu99;
				GCC_VERSION = com.apple.compilers.llvm.clang.1_0;
				GCC_WARN_ABOUT_RETURN_TYPE = YES;
				GCC_WARN_UNINITIALIZED_AUTOS = YES;
				GCC_WARN_UNUSED_VARIABLE = YES;
				IPHONEOS_DEPLOYMENT_TARGET = 5.1;
				OTHER_CFLAGS = "-DNS_BLOCK_ASSERTIONS=1";
				SDKROOT = iphoneos;
				VALIDATE_PRODUCT = YES;
			};
			name = Release;
		};
		E56C317E15D2BCAB00ED61B0 /* Debug */ = {
			isa = XCBuildConfiguration;
			buildSettings = {
				GCC_PRECOMPILE_PREFIX_HEADER = YES;
				GCC_PREFIX_HEADER = "io_3/io_3-Prefix.pch";
				INFOPLIST_FILE = "io_3/io_3-Info.plist";
				PRODUCT_NAME = "$(TARGET_NAME)";
				WRAPPER_EXTENSION = app;
			};
			name = Debug;
		};
		E56C317F15D2BCAB00ED61B0 /* Release */ = {
			isa = XCBuildConfiguration;
			buildSettings = {
				GCC_PRECOMPILE_PREFIX_HEADER = YES;
				GCC_PREFIX_HEADER = "io_3/io_3-Prefix.pch";
				INFOPLIST_FILE = "io_3/io_3-Info.plist";
				PRODUCT_NAME = "$(TARGET_NAME)";
				WRAPPER_EXTENSION = app;
			};
			name = Release;
		};
/* End XCBuildConfiguration section */

/* Begin XCConfigurationList section */
		E56C315915D2BCAB00ED61B0 /* Build configuration list for PBXProject "io_3" */ = {
			isa = XCConfigurationList;
			buildConfigurations = (
				E56C317B15D2BCAB00ED61B0 /* Debug */,
				E56C317C15D2BCAB00ED61B0 /* Release */,
			);
			defaultConfigurationIsVisible = 0;
			defaultConfigurationName = Release;
		};
		E56C317D15D2BCAB00ED61B0 /* Build configuration list for PBXNativeTarget "io_3" */ = {
			isa = XCConfigurationList;
			buildConfigurations = (
				E56C317E15D2BCAB00ED61B0 /* Debug */,
				E56C317F15D2BCAB00ED61B0 /* Release */,
			);
			defaultConfigurationIsVisible = 0;
		};
/* End XCConfigurationList section */
	};
	rootObject = E56C315615D2BCAB00ED61B0 /* Project object */;
}
