// !$*UTF8*$!
{
	archiveVersion = 1;
	classes = {
	};
	objectVersion = 46;
	objects = {

/* Begin PBXBuildFile section */
		E589595915C98365001EAF24 /* UIKit.framework in Frameworks */ = {isa = PBXBuildFile; fileRef = E589595815C98365001EAF24 /* UIKit.framework */; };
		E589595B15C98365001EAF24 /* Foundation.framework in Frameworks */ = {isa = PBXBuildFile; fileRef = E589595A15C98365001EAF24 /* Foundation.framework */; };
		E589595D15C98365001EAF24 /* CoreGraphics.framework in Frameworks */ = {isa = PBXBuildFile; fileRef = E589595C15C98365001EAF24 /* CoreGraphics.framework */; };
		E589596315C98365001EAF24 /* InfoPlist.strings in Resources */ = {isa = PBXBuildFile; fileRef = E589596115C98365001EAF24 /* InfoPlist.strings */; };
		E589596515C98365001EAF24 /* main.m in Sources */ = {isa = PBXBuildFile; fileRef = E589596415C98365001EAF24 /* main.m */; };
		E589596915C98365001EAF24 /* AppDelegate.m in Sources */ = {isa = PBXBuildFile; fileRef = E589596815C98365001EAF24 /* AppDelegate.m */; };
		E589596C15C98365001EAF24 /* ViewController.m in Sources */ = {isa = PBXBuildFile; fileRef = E589596B15C98365001EAF24 /* ViewController.m */; };
		E589596F15C98365001EAF24 /* ViewController.xib in Resources */ = {isa = PBXBuildFile; fileRef = E589596D15C98365001EAF24 /* ViewController.xib */; };
/* End PBXBuildFile section */

/* Begin PBXFileReference section */
		E589595415C98365001EAF24 /* ios_1.app */ = {isa = PBXFileReference; explicitFileType = wrapper.application; includeInIndex = 0; path = ios_1.app; sourceTree = BUILT_PRODUCTS_DIR; };
		E589595815C98365001EAF24 /* UIKit.framework */ = {isa = PBXFileReference; lastKnownFileType = wrapper.framework; name = UIKit.framework; path = System/Library/Frameworks/UIKit.framework; sourceTree = SDKROOT; };
		E589595A15C98365001EAF24 /* Foundation.framework */ = {isa = PBXFileReference; lastKnownFileType = wrapper.framework; name = Foundation.framework; path = System/Library/Frameworks/Foundation.framework; sourceTree = SDKROOT; };
		E589595C15C98365001EAF24 /* CoreGraphics.framework */ = {isa = PBXFileReference; lastKnownFileType = wrapper.framework; name = CoreGraphics.framework; path = System/Library/Frameworks/CoreGraphics.framework; sourceTree = SDKROOT; };
		E589596015C98365001EAF24 /* ios_1-Info.plist */ = {isa = PBXFileReference; lastKnownFileType = text.plist.xml; path = "ios_1-Info.plist"; sourceTree = "<group>"; };
		E589596215C98365001EAF24 /* en */ = {isa = PBXFileReference; lastKnownFileType = text.plist.strings; name = en; path = en.lproj/InfoPlist.strings; sourceTree = "<group>"; };
		E589596415C98365001EAF24 /* main.m */ = {isa = PBXFileReference; lastKnownFileType = sourcecode.c.objc; path = main.m; sourceTree = "<group>"; };
		E589596615C98365001EAF24 /* ios_1-Prefix.pch */ = {isa = PBXFileReference; lastKnownFileType = sourcecode.c.h; path = "ios_1-Prefix.pch"; sourceTree = "<group>"; };
		E589596715C98365001EAF24 /* AppDelegate.h */ = {isa = PBXFileReference; lastKnownFileType = sourcecode.c.h; path = AppDelegate.h; sourceTree = "<group>"; };
		E589596815C98365001EAF24 /* AppDelegate.m */ = {isa = PBXFileReference; lastKnownFileType = sourcecode.c.objc; path = AppDelegate.m; sourceTree = "<group>"; };
		E589596A15C98365001EAF24 /* ViewController.h */ = {isa = PBXFileReference; lastKnownFileType = sourcecode.c.h; path = ViewController.h; sourceTree = "<group>"; };
		E589596B15C98365001EAF24 /* ViewController.m */ = {isa = PBXFileReference; lastKnownFileType = sourcecode.c.objc; path = ViewController.m; sourceTree = "<group>"; };
		E589596E15C98365001EAF24 /* en */ = {isa = PBXFileReference; lastKnownFileType = file.xib; name = en; path = en.lproj/ViewController.xib; sourceTree = "<group>"; };
/* End PBXFileReference section */

/* Begin PBXFrameworksBuildPhase section */
		E589595115C98365001EAF24 /* Frameworks */ = {
			isa = PBXFrameworksBuildPhase;
			buildActionMask = 2147483647;
			files = (
				E589595915C98365001EAF24 /* UIKit.framework in Frameworks */,
				E589595B15C98365001EAF24 /* Foundation.framework in Frameworks */,
				E589595D15C98365001EAF24 /* CoreGraphics.framework in Frameworks */,
			);
			runOnlyForDeploymentPostprocessing = 0;
		};
/* End PBXFrameworksBuildPhase section */

/* Begin PBXGroup section */
		E589594915C98365001EAF24 = {
			isa = PBXGroup;
			children = (
				E589595E15C98365001EAF24 /* ios_1 */,
				E589595715C98365001EAF24 /* Frameworks */,
				E589595515C98365001EAF24 /* Products */,
			);
			sourceTree = "<group>";
		};
		E589595515C98365001EAF24 /* Products */ = {
			isa = PBXGroup;
			children = (
				E589595415C98365001EAF24 /* ios_1.app */,
			);
			name = Products;
			sourceTree = "<group>";
		};
		E589595715C98365001EAF24 /* Frameworks */ = {
			isa = PBXGroup;
			children = (
				E589595815C98365001EAF24 /* UIKit.framework */,
				E589595A15C98365001EAF24 /* Foundation.framework */,
				E589595C15C98365001EAF24 /* CoreGraphics.framework */,
			);
			name = Frameworks;
			sourceTree = "<group>";
		};
		E589595E15C98365001EAF24 /* ios_1 */ = {
			isa = PBXGroup;
			children = (
				E589596715C98365001EAF24 /* AppDelegate.h */,
				E589596815C98365001EAF24 /* AppDelegate.m */,
				E589596A15C98365001EAF24 /* ViewController.h */,
				E589596B15C98365001EAF24 /* ViewController.m */,
				E589596D15C98365001EAF24 /* ViewController.xib */,
				E589595F15C98365001EAF24 /* Supporting Files */,
			);
			path = ios_1;
			sourceTree = "<group>";
		};
		E589595F15C98365001EAF24 /* Supporting Files */ = {
			isa = PBXGroup;
			children = (
				E589596015C98365001EAF24 /* ios_1-Info.plist */,
				E589596115C98365001EAF24 /* InfoPlist.strings */,
				E589596415C98365001EAF24 /* main.m */,
				E589596615C98365001EAF24 /* ios_1-Prefix.pch */,
			);
			name = "Supporting Files";
			sourceTree = "<group>";
		};
/* End PBXGroup section */

/* Begin PBXNativeTarget section */
		E589595315C98365001EAF24 /* ios_1 */ = {
			isa = PBXNativeTarget;
			buildConfigurationList = E589597215C98365001EAF24 /* Build configuration list for PBXNativeTarget "ios_1" */;
			buildPhases = (
				E589595015C98365001EAF24 /* Sources */,
				E589595115C98365001EAF24 /* Frameworks */,
				E589595215C98365001EAF24 /* Resources */,
			);
			buildRules = (
			);
			dependencies = (
			);
			name = ios_1;
			productName = ios_1;
			productReference = E589595415C98365001EAF24 /* ios_1.app */;
			productType = "com.apple.product-type.application";
		};
/* End PBXNativeTarget section */

/* Begin PBXProject section */
		E589594B15C98365001EAF24 /* Project object */ = {
			isa = PBXProject;
			attributes = {
				LastUpgradeCheck = 0440;
				ORGANIZATIONNAME = ilya;
			};
			buildConfigurationList = E589594E15C98365001EAF24 /* Build configuration list for PBXProject "ios_1" */;
			compatibilityVersion = "Xcode 3.2";
			developmentRegion = English;
			hasScannedForEncodings = 0;
			knownRegions = (
				en,
			);
			mainGroup = E589594915C98365001EAF24;
			productRefGroup = E589595515C98365001EAF24 /* Products */;
			projectDirPath = "";
			projectRoot = "";
			targets = (
				E589595315C98365001EAF24 /* ios_1 */,
			);
		};
/* End PBXProject section */

/* Begin PBXResourcesBuildPhase section */
		E589595215C98365001EAF24 /* Resources */ = {
			isa = PBXResourcesBuildPhase;
			buildActionMask = 2147483647;
			files = (
				E589596315C98365001EAF24 /* InfoPlist.strings in Resources */,
				E589596F15C98365001EAF24 /* ViewController.xib in Resources */,
			);
			runOnlyForDeploymentPostprocessing = 0;
		};
/* End PBXResourcesBuildPhase section */

/* Begin PBXSourcesBuildPhase section */
		E589595015C98365001EAF24 /* Sources */ = {
			isa = PBXSourcesBuildPhase;
			buildActionMask = 2147483647;
			files = (
				E589596515C98365001EAF24 /* main.m in Sources */,
				E589596915C98365001EAF24 /* AppDelegate.m in Sources */,
				E589596C15C98365001EAF24 /* ViewController.m in Sources */,
			);
			runOnlyForDeploymentPostprocessing = 0;
		};
/* End PBXSourcesBuildPhase section */

/* Begin PBXVariantGroup section */
		E589596115C98365001EAF24 /* InfoPlist.strings */ = {
			isa = PBXVariantGroup;
			children = (
				E589596215C98365001EAF24 /* en */,
			);
			name = InfoPlist.strings;
			sourceTree = "<group>";
		};
		E589596D15C98365001EAF24 /* ViewController.xib */ = {
			isa = PBXVariantGroup;
			children = (
				E589596E15C98365001EAF24 /* en */,
			);
			name = ViewController.xib;
			sourceTree = "<group>";
		};
/* End PBXVariantGroup section */

/* Begin XCBuildConfiguration section */
		E589597015C98365001EAF24 /* Debug */ = {
			isa = XCBuildConfiguration;
			buildSettings = {
				ALWAYS_SEARCH_USER_PATHS = NO;
				ARCHS = "$(ARCHS_STANDARD_32_BIT)";
				CLANG_CXX_LANGUAGE_STANDARD = "gnu++0x";
				CLANG_WARN__DUPLICATE_METHOD_MATCH = YES;
				"CODE_SIGN_IDENTITY[sdk=iphoneos*]" = "iPhone Developer";
				COPY_PHASE_STRIP = NO;
				GCC_C_LANGUAGE_STANDARD = gnu99;
				GCC_DYNAMIC_NO_PIC = NO;
				GCC_OPTIMIZATION_LEVEL = 0;
				GCC_PREPROCESSOR_DEFINITIONS = (
					"DEBUG=1",
					"$(inherited)",
				);
				GCC_SYMBOLS_PRIVATE_EXTERN = NO;
				GCC_VERSION = com.apple.compilers.llvm.clang.1_0;
				GCC_WARN_ABOUT_RETURN_TYPE = YES;
				GCC_WARN_UNINITIALIZED_AUTOS = YES;
				GCC_WARN_UNUSED_VARIABLE = YES;
				IPHONEOS_DEPLOYMENT_TARGET = 5.1;
				SDKROOT = iphoneos;
			};
			name = Debug;
		};
		E589597115C98365001EAF24 /* Release */ = {
			isa = XCBuildConfiguration;
			buildSettings = {
				ALWAYS_SEARCH_USER_PATHS = NO;
				ARCHS = "$(ARCHS_STANDARD_32_BIT)";
				CLANG_CXX_LANGUAGE_STANDARD = "gnu++0x";
				CLANG_WARN__DUPLICATE_METHOD_MATCH = YES;
				"CODE_SIGN_IDENTITY[sdk=iphoneos*]" = "iPhone Developer";
				COPY_PHASE_STRIP = YES;
				GCC_C_LANGUAGE_STANDARD = gnu99;
				GCC_VERSION = com.apple.compilers.llvm.clang.1_0;
				GCC_WARN_ABOUT_RETURN_TYPE = YES;
				GCC_WARN_UNINITIALIZED_AUTOS = YES;
				GCC_WARN_UNUSED_VARIABLE = YES;
				IPHONEOS_DEPLOYMENT_TARGET = 5.1;
				OTHER_CFLAGS = "-DNS_BLOCK_ASSERTIONS=1";
				SDKROOT = iphoneos;
				VALIDATE_PRODUCT = YES;
			};
			name = Release;
		};
		E589597315C98365001EAF24 /* Debug */ = {
			isa = XCBuildConfiguration;
			buildSettings = {
				GCC_PRECOMPILE_PREFIX_HEADER = YES;
				GCC_PREFIX_HEADER = "ios_1/ios_1-Prefix.pch";
				INFOPLIST_FILE = "ios_1/ios_1-Info.plist";
				PRODUCT_NAME = "$(TARGET_NAME)";
				WRAPPER_EXTENSION = app;
			};
			name = Debug;
		};
		E589597415C98365001EAF24 /* Release */ = {
			isa = XCBuildConfiguration;
			buildSettings = {
				GCC_PRECOMPILE_PREFIX_HEADER = YES;
				GCC_PREFIX_HEADER = "ios_1/ios_1-Prefix.pch";
				INFOPLIST_FILE = "ios_1/ios_1-Info.plist";
				PRODUCT_NAME = "$(TARGET_NAME)";
				WRAPPER_EXTENSION = app;
			};
			name = Release;
		};
/* End XCBuildConfiguration section */

/* Begin XCConfigurationList section */
		E589594E15C98365001EAF24 /* Build configuration list for PBXProject "ios_1" */ = {
			isa = XCConfigurationList;
			buildConfigurations = (
				E589597015C98365001EAF24 /* Debug */,
				E589597115C98365001EAF24 /* Release */,
			);
			defaultConfigurationIsVisible = 0;
			defaultConfigurationName = Release;
		};
		E589597215C98365001EAF24 /* Build configuration list for PBXNativeTarget "ios_1" */ = {
			isa = XCConfigurationList;
			buildConfigurations = (
				E589597315C98365001EAF24 /* Debug */,
				E589597415C98365001EAF24 /* Release */,
			);
			defaultConfigurationIsVisible = 0;
		};
/* End XCConfigurationList section */
	};
	rootObject = E589594B15C98365001EAF24 /* Project object */;
}
